// !$*UTF8*$!
{
	archiveVersion = 1;
	classes = {
	};
	objectVersion = 48;
	objects = {

/* Begin PBXBuildFile section */
		361F5ADC201594E60098A3AD /* AppDelegate.m in Sources */ = {isa = PBXBuildFile; fileRef = 361F5ADB201594E60098A3AD /* AppDelegate.m */; };
		361F5ADF201594E60098A3AD /* Super_ViewController.m in Sources */ = {isa = PBXBuildFile; fileRef = 361F5ADE201594E60098A3AD /* Super_ViewController.m */; };
		361F5AE2201594E60098A3AD /* Main.storyboard in Resources */ = {isa = PBXBuildFile; fileRef = 361F5AE0201594E60098A3AD /* Main.storyboard */; };
		361F5AE4201594E60098A3AD /* Assets.xcassets in Resources */ = {isa = PBXBuildFile; fileRef = 361F5AE3201594E60098A3AD /* Assets.xcassets */; };
		361F5AE7201594E60098A3AD /* LaunchScreen.storyboard in Resources */ = {isa = PBXBuildFile; fileRef = 361F5AE5201594E60098A3AD /* LaunchScreen.storyboard */; };
		361F5AEA201594E60098A3AD /* main.m in Sources */ = {isa = PBXBuildFile; fileRef = 361F5AE9201594E60098A3AD /* main.m */; };
		361F5AF4201594E60098A3AD /* ViewController_modelTests.m in Sources */ = {isa = PBXBuildFile; fileRef = 361F5AF3201594E60098A3AD /* ViewController_modelTests.m */; };
		361F5AFF201594E60098A3AD /* ViewController_modelUITests.m in Sources */ = {isa = PBXBuildFile; fileRef = 361F5AFE201594E60098A3AD /* ViewController_modelUITests.m */; };
		361F5B0E201595200098A3AD /* View2Controller.m in Sources */ = {isa = PBXBuildFile; fileRef = 361F5B0D201595200098A3AD /* View2Controller.m */; };
		361F5B17201599480098A3AD /* Button.m in Sources */ = {isa = PBXBuildFile; fileRef = 361F5B16201599480098A3AD /* Button.m */; };
		361F5B282015DEB60098A3AD /* RememberTimeViewController.m in Sources */ = {isa = PBXBuildFile; fileRef = 361F5B272015DEB60098A3AD /* RememberTimeViewController.m */; };
		C8868F36AD5BF5B8697ED0DA /* libPods-ViewController_model.a in Frameworks */ = {isa = PBXBuildFile; fileRef = 3497FEF2968EB1A336F5BBD0 /* libPods-ViewController_model.a */; };
/* End PBXBuildFile section */

/* Begin PBXContainerItemProxy section */
		361F5AF0201594E60098A3AD /* PBXContainerItemProxy */ = {
			isa = PBXContainerItemProxy;
			containerPortal = 361F5ACF201594E60098A3AD /* Project object */;
			proxyType = 1;
			remoteGlobalIDString = 361F5AD6201594E60098A3AD;
			remoteInfo = ViewController_model;
		};
		361F5AFB201594E60098A3AD /* PBXContainerItemProxy */ = {
			isa = PBXContainerItemProxy;
			containerPortal = 361F5ACF201594E60098A3AD /* Project object */;
			proxyType = 1;
			remoteGlobalIDString = 361F5AD6201594E60098A3AD;
			remoteInfo = ViewController_model;
		};
/* End PBXContainerItemProxy section */

/* Begin PBXFileReference section */
		3497FEF2968EB1A336F5BBD0 /* libPods-ViewController_model.a */ = {isa = PBXFileReference; explicitFileType = archive.ar; includeInIndex = 0; path = "libPods-ViewController_model.a"; sourceTree = BUILT_PRODUCTS_DIR; };
		361F5AD7201594E60098A3AD /* ViewController_model.app */ = {isa = PBXFileReference; explicitFileType = wrapper.application; includeInIndex = 0; path = ViewController_model.app; sourceTree = BUILT_PRODUCTS_DIR; };
		361F5ADA201594E60098A3AD /* AppDelegate.h */ = {isa = PBXFileReference; lastKnownFileType = sourcecode.c.h; path = AppDelegate.h; sourceTree = "<group>"; };
		361F5ADB201594E60098A3AD /* AppDelegate.m */ = {isa = PBXFileReference; lastKnownFileType = sourcecode.c.objc; path = AppDelegate.m; sourceTree = "<group>"; };
		361F5ADD201594E60098A3AD /* Super_ViewController.h */ = {isa = PBXFileReference; lastKnownFileType = sourcecode.c.h; path = Super_ViewController.h; sourceTree = "<group>"; };
		361F5ADE201594E60098A3AD /* Super_ViewController.m */ = {isa = PBXFileReference; lastKnownFileType = sourcecode.c.objc; path = Super_ViewController.m; sourceTree = "<group>"; };
		361F5AE1201594E60098A3AD /* Base */ = {isa = PBXFileReference; lastKnownFileType = file.storyboard; name = Base; path = Base.lproj/Main.storyboard; sourceTree = "<group>"; };
		361F5AE3201594E60098A3AD /* Assets.xcassets */ = {isa = PBXFileReference; lastKnownFileType = folder.assetcatalog; path = Assets.xcassets; sourceTree = "<group>"; };
		361F5AE6201594E60098A3AD /* Base */ = {isa = PBXFileReference; lastKnownFileType = file.storyboard; name = Base; path = Base.lproj/LaunchScreen.storyboard; sourceTree = "<group>"; };
		361F5AE8201594E60098A3AD /* Info.plist */ = {isa = PBXFileReference; lastKnownFileType = text.plist.xml; path = Info.plist; sourceTree = "<group>"; };
		361F5AE9201594E60098A3AD /* main.m */ = {isa = PBXFileReference; lastKnownFileType = sourcecode.c.objc; path = main.m; sourceTree = "<group>"; };
		361F5AEF201594E60098A3AD /* ViewController_modelTests.xctest */ = {isa = PBXFileReference; explicitFileType = wrapper.cfbundle; includeInIndex = 0; path = ViewController_modelTests.xctest; sourceTree = BUILT_PRODUCTS_DIR; };
		361F5AF3201594E60098A3AD /* ViewController_modelTests.m */ = {isa = PBXFileReference; lastKnownFileType = sourcecode.c.objc; path = ViewController_modelTests.m; sourceTree = "<group>"; };
		361F5AF5201594E60098A3AD /* Info.plist */ = {isa = PBXFileReference; lastKnownFileType = text.plist.xml; path = Info.plist; sourceTree = "<group>"; };
		361F5AFA201594E60098A3AD /* ViewController_modelUITests.xctest */ = {isa = PBXFileReference; explicitFileType = wrapper.cfbundle; includeInIndex = 0; path = ViewController_modelUITests.xctest; sourceTree = BUILT_PRODUCTS_DIR; };
		361F5AFE201594E60098A3AD /* ViewController_modelUITests.m */ = {isa = PBXFileReference; lastKnownFileType = sourcecode.c.objc; path = ViewController_modelUITests.m; sourceTree = "<group>"; };
		361F5B00201594E60098A3AD /* Info.plist */ = {isa = PBXFileReference; lastKnownFileType = text.plist.xml; path = Info.plist; sourceTree = "<group>"; };
		361F5B0C201595200098A3AD /* View2Controller.h */ = {isa = PBXFileReference; lastKnownFileType = sourcecode.c.h; path = View2Controller.h; sourceTree = "<group>"; };
		361F5B0D201595200098A3AD /* View2Controller.m */ = {isa = PBXFileReference; lastKnownFileType = sourcecode.c.objc; path = View2Controller.m; sourceTree = "<group>"; };
		361F5B13201596CA0098A3AD /* PrefixHeader.pch */ = {isa = PBXFileReference; lastKnownFileType = sourcecode.c.h; path = PrefixHeader.pch; sourceTree = "<group>"; };
		361F5B15201599480098A3AD /* Button.h */ = {isa = PBXFileReference; lastKnownFileType = sourcecode.c.h; path = Button.h; sourceTree = "<group>"; };
		361F5B16201599480098A3AD /* Button.m */ = {isa = PBXFileReference; lastKnownFileType = sourcecode.c.objc; path = Button.m; sourceTree = "<group>"; };
		361F5B262015DEB60098A3AD /* RememberTimeViewController.h */ = {isa = PBXFileReference; lastKnownFileType = sourcecode.c.h; path = RememberTimeViewController.h; sourceTree = "<group>"; };
		361F5B272015DEB60098A3AD /* RememberTimeViewController.m */ = {isa = PBXFileReference; lastKnownFileType = sourcecode.c.objc; path = RememberTimeViewController.m; sourceTree = "<group>"; };
		9EACC6232622631A6463978A /* Pods-ViewController_model.release.xcconfig */ = {isa = PBXFileReference; includeInIndex = 1; lastKnownFileType = text.xcconfig; name = "Pods-ViewController_model.release.xcconfig"; path = "Pods/Target Support Files/Pods-ViewController_model/Pods-ViewController_model.release.xcconfig"; sourceTree = "<group>"; };
		DA3987B26E64BCDE663AFC2F /* Pods-ViewController_model.debug.xcconfig */ = {isa = PBXFileReference; includeInIndex = 1; lastKnownFileType = text.xcconfig; name = "Pods-ViewController_model.debug.xcconfig"; path = "Pods/Target Support Files/Pods-ViewController_model/Pods-ViewController_model.debug.xcconfig"; sourceTree = "<group>"; };
/* End PBXFileReference section */

/* Begin PBXFrameworksBuildPhase section */
		361F5AD4201594E60098A3AD /* Frameworks */ = {
			isa = PBXFrameworksBuildPhase;
			buildActionMask = 2147483647;
			files = (
				C8868F36AD5BF5B8697ED0DA /* libPods-ViewController_model.a in Frameworks */,
			);
			runOnlyForDeploymentPostprocessing = 0;
		};
		361F5AEC201594E60098A3AD /* Frameworks */ = {
			isa = PBXFrameworksBuildPhase;
			buildActionMask = 2147483647;
			files = (
			);
			runOnlyForDeploymentPostprocessing = 0;
		};
		361F5AF7201594E60098A3AD /* Frameworks */ = {
			isa = PBXFrameworksBuildPhase;
			buildActionMask = 2147483647;
			files = (
			);
			runOnlyForDeploymentPostprocessing = 0;
		};
/* End PBXFrameworksBuildPhase section */

/* Begin PBXGroup section */
		0F951E125AF20E10A549D039 /* Pods */ = {
			isa = PBXGroup;
			children = (
				DA3987B26E64BCDE663AFC2F /* Pods-ViewController_model.debug.xcconfig */,
				9EACC6232622631A6463978A /* Pods-ViewController_model.release.xcconfig */,
			);
			name = Pods;
			sourceTree = "<group>";
		};
		361F5ACE201594E60098A3AD = {
			isa = PBXGroup;
			children = (
				361F5AD9201594E60098A3AD /* ViewController_model */,
				361F5AF2201594E60098A3AD /* ViewController_modelTests */,
				361F5AFD201594E60098A3AD /* ViewController_modelUITests */,
				361F5AD8201594E60098A3AD /* Products */,
				0F951E125AF20E10A549D039 /* Pods */,
				558A93C1039F5AFAD0534464 /* Frameworks */,
			);
			sourceTree = "<group>";
		};
		361F5AD8201594E60098A3AD /* Products */ = {
			isa = PBXGroup;
			children = (
				361F5AD7201594E60098A3AD /* ViewController_model.app */,
				361F5AEF201594E60098A3AD /* ViewController_modelTests.xctest */,
				361F5AFA201594E60098A3AD /* ViewController_modelUITests.xctest */,
			);
			name = Products;
			sourceTree = "<group>";
		};
		361F5AD9201594E60098A3AD /* ViewController_model */ = {
			isa = PBXGroup;
			children = (
				361F5B12201595C60098A3AD /* tool */,
				361F5ADA201594E60098A3AD /* AppDelegate.h */,
				361F5ADB201594E60098A3AD /* AppDelegate.m */,
				361F5B0C201595200098A3AD /* View2Controller.h */,
				361F5B0D201595200098A3AD /* View2Controller.m */,
				361F5B262015DEB60098A3AD /* RememberTimeViewController.h */,
				361F5B272015DEB60098A3AD /* RememberTimeViewController.m */,
				361F5AE0201594E60098A3AD /* Main.storyboard */,
				361F5AE3201594E60098A3AD /* Assets.xcassets */,
				361F5AE5201594E60098A3AD /* LaunchScreen.storyboard */,
				361F5AE8201594E60098A3AD /* Info.plist */,
				361F5AE9201594E60098A3AD /* main.m */,
				361F5B13201596CA0098A3AD /* PrefixHeader.pch */,
			);
			path = ViewController_model;
			sourceTree = "<group>";
		};
		361F5AF2201594E60098A3AD /* ViewController_modelTests */ = {
			isa = PBXGroup;
			children = (
				361F5AF3201594E60098A3AD /* ViewController_modelTests.m */,
				361F5AF5201594E60098A3AD /* Info.plist */,
			);
			path = ViewController_modelTests;
			sourceTree = "<group>";
		};
		361F5AFD201594E60098A3AD /* ViewController_modelUITests */ = {
			isa = PBXGroup;
			children = (
				361F5AFE201594E60098A3AD /* ViewController_modelUITests.m */,
				361F5B00201594E60098A3AD /* Info.plist */,
			);
			path = ViewController_modelUITests;
			sourceTree = "<group>";
		};
		361F5B12201595C60098A3AD /* tool */ = {
			isa = PBXGroup;
			children = (
				361F5B15201599480098A3AD /* Button.h */,
				361F5B16201599480098A3AD /* Button.m */,
				361F5ADD201594E60098A3AD /* Super_ViewController.h */,
				361F5ADE201594E60098A3AD /* Super_ViewController.m */,
			);
			path = tool;
			sourceTree = "<group>";
		};
		558A93C1039F5AFAD0534464 /* Frameworks */ = {
			isa = PBXGroup;
			children = (
				3497FEF2968EB1A336F5BBD0 /* libPods-ViewController_model.a */,
			);
			name = Frameworks;
			sourceTree = "<group>";
		};
/* End PBXGroup section */

/* Begin PBXNativeTarget section */
		361F5AD6201594E60098A3AD /* ViewController_model */ = {
			isa = PBXNativeTarget;
			buildConfigurationList = 361F5B03201594E60098A3AD /* Build configuration list for PBXNativeTarget "ViewController_model" */;
			buildPhases = (
				3B4ED28463FF8CAC4A37829A /* [CP] Check Pods Manifest.lock */,
				361F5AD3201594E60098A3AD /* Sources */,
				361F5AD4201594E60098A3AD /* Frameworks */,
				361F5AD5201594E60098A3AD /* Resources */,
				77B8844F3D58E0E7B342BE38 /* [CP] Embed Pods Frameworks */,
				3A6E19C1F4A0DEA51795099D /* [CP] Copy Pods Resources */,
			);
			buildRules = (
			);
			dependencies = (
			);
			name = ViewController_model;
			productName = ViewController_model;
			productReference = 361F5AD7201594E60098A3AD /* ViewController_model.app */;
			productType = "com.apple.product-type.application";
		};
		361F5AEE201594E60098A3AD /* ViewController_modelTests */ = {
			isa = PBXNativeTarget;
			buildConfigurationList = 361F5B06201594E60098A3AD /* Build configuration list for PBXNativeTarget "ViewController_modelTests" */;
			buildPhases = (
				361F5AEB201594E60098A3AD /* Sources */,
				361F5AEC201594E60098A3AD /* Frameworks */,
				361F5AED201594E60098A3AD /* Resources */,
			);
			buildRules = (
			);
			dependencies = (
				361F5AF1201594E60098A3AD /* PBXTargetDependency */,
			);
			name = ViewController_modelTests;
			productName = ViewController_modelTests;
			productReference = 361F5AEF201594E60098A3AD /* ViewController_modelTests.xctest */;
			productType = "com.apple.product-type.bundle.unit-test";
		};
		361F5AF9201594E60098A3AD /* ViewController_modelUITests */ = {
			isa = PBXNativeTarget;
			buildConfigurationList = 361F5B09201594E60098A3AD /* Build configuration list for PBXNativeTarget "ViewController_modelUITests" */;
			buildPhases = (
				361F5AF6201594E60098A3AD /* Sources */,
				361F5AF7201594E60098A3AD /* Frameworks */,
				361F5AF8201594E60098A3AD /* Resources */,
			);
			buildRules = (
			);
			dependencies = (
				361F5AFC201594E60098A3AD /* PBXTargetDependency */,
			);
			name = ViewController_modelUITests;
			productName = ViewController_modelUITests;
			productReference = 361F5AFA201594E60098A3AD /* ViewController_modelUITests.xctest */;
			productType = "com.apple.product-type.bundle.ui-testing";
		};
/* End PBXNativeTarget section */

/* Begin PBXProject section */
		361F5ACF201594E60098A3AD /* Project object */ = {
			isa = PBXProject;
			attributes = {
				LastUpgradeCheck = 0920;
				ORGANIZATIONNAME = XiaoHuiBang;
				TargetAttributes = {
					361F5AD6201594E60098A3AD = {
						CreatedOnToolsVersion = 9.2;
						ProvisioningStyle = Automatic;
					};
					361F5AEE201594E60098A3AD = {
						CreatedOnToolsVersion = 9.2;
						ProvisioningStyle = Automatic;
						TestTargetID = 361F5AD6201594E60098A3AD;
					};
					361F5AF9201594E60098A3AD = {
						CreatedOnToolsVersion = 9.2;
						ProvisioningStyle = Automatic;
						TestTargetID = 361F5AD6201594E60098A3AD;
					};
				};
			};
			buildConfigurationList = 361F5AD2201594E60098A3AD /* Build configuration list for PBXProject "ViewController_model" */;
			compatibilityVersion = "Xcode 8.0";
			developmentRegion = en;
			hasScannedForEncodings = 0;
			knownRegions = (
				en,
				Base,
			);
			mainGroup = 361F5ACE201594E60098A3AD;
			productRefGroup = 361F5AD8201594E60098A3AD /* Products */;
			projectDirPath = "";
			projectRoot = "";
			targets = (
				361F5AD6201594E60098A3AD /* ViewController_model */,
				361F5AEE201594E60098A3AD /* ViewController_modelTests */,
				361F5AF9201594E60098A3AD /* ViewController_modelUITests */,
			);
		};
/* End PBXProject section */

/* Begin PBXResourcesBuildPhase section */
		361F5AD5201594E60098A3AD /* Resources */ = {
			isa = PBXResourcesBuildPhase;
			buildActionMask = 2147483647;
			files = (
				361F5AE7201594E60098A3AD /* LaunchScreen.storyboard in Resources */,
				361F5AE4201594E60098A3AD /* Assets.xcassets in Resources */,
				361F5AE2201594E60098A3AD /* Main.storyboard in Resources */,
			);
			runOnlyForDeploymentPostprocessing = 0;
		};
		361F5AED201594E60098A3AD /* Resources */ = {
			isa = PBXResourcesBuildPhase;
			buildActionMask = 2147483647;
			files = (
			);
			runOnlyForDeploymentPostprocessing = 0;
		};
		361F5AF8201594E60098A3AD /* Resources */ = {
			isa = PBXResourcesBuildPhase;
			buildActionMask = 2147483647;
			files = (
			);
			runOnlyForDeploymentPostprocessing = 0;
		};
/* End PBXResourcesBuildPhase section */

/* Begin PBXShellScriptBuildPhase section */
		3A6E19C1F4A0DEA51795099D /* [CP] Copy Pods Resources */ = {
			isa = PBXShellScriptBuildPhase;
			buildActionMask = 2147483647;
			files = (
			);
			inputPaths = (
			);
			name = "[CP] Copy Pods Resources";
			outputPaths = (
			);
			runOnlyForDeploymentPostprocessing = 0;
			shellPath = /bin/sh;
			shellScript = "\"${SRCROOT}/Pods/Target Support Files/Pods-ViewController_model/Pods-ViewController_model-resources.sh\"\n";
			showEnvVarsInLog = 0;
		};
		3B4ED28463FF8CAC4A37829A /* [CP] Check Pods Manifest.lock */ = {
			isa = PBXShellScriptBuildPhase;
			buildActionMask = 2147483647;
			files = (
			);
			inputPaths = (
				"${PODS_PODFILE_DIR_PATH}/Podfile.lock",
				"${PODS_ROOT}/Manifest.lock",
			);
			name = "[CP] Check Pods Manifest.lock";
			outputPaths = (
				"$(DERIVED_FILE_DIR)/Pods-ViewController_model-checkManifestLockResult.txt",
			);
			runOnlyForDeploymentPostprocessing = 0;
			shellPath = /bin/sh;
			shellScript = "diff \"${PODS_PODFILE_DIR_PATH}/Podfile.lock\" \"${PODS_ROOT}/Manifest.lock\" > /dev/null\nif [ $? != 0 ] ; then\n    # print error to STDERR\n    echo \"error: The sandbox is not in sync with the Podfile.lock. Run 'pod install' or update your CocoaPods installation.\" >&2\n    exit 1\nfi\n# This output is used by Xcode 'outputs' to avoid re-running this script phase.\necho \"SUCCESS\" > \"${SCRIPT_OUTPUT_FILE_0}\"\n";
			showEnvVarsInLog = 0;
		};
		77B8844F3D58E0E7B342BE38 /* [CP] Embed Pods Frameworks */ = {
			isa = PBXShellScriptBuildPhase;
			buildActionMask = 2147483647;
			files = (
			);
			inputPaths = (
			);
			name = "[CP] Embed Pods Frameworks";
			outputPaths = (
			);
			runOnlyForDeploymentPostprocessing = 0;
			shellPath = /bin/sh;
			shellScript = "\"${SRCROOT}/Pods/Target Support Files/Pods-ViewController_model/Pods-ViewController_model-frameworks.sh\"\n";
			showEnvVarsInLog = 0;
		};
/* End PBXShellScriptBuildPhase section */

/* Begin PBXSourcesBuildPhase section */
		361F5AD3201594E60098A3AD /* Sources */ = {
			isa = PBXSourcesBuildPhase;
			buildActionMask = 2147483647;
			files = (
				361F5ADF201594E60098A3AD /* Super_ViewController.m in Sources */,
				361F5B0E201595200098A3AD /* View2Controller.m in Sources */,
				361F5B282015DEB60098A3AD /* RememberTimeViewController.m in Sources */,
				361F5B17201599480098A3AD /* Button.m in Sources */,
				361F5AEA201594E60098A3AD /* main.m in Sources */,
				361F5ADC201594E60098A3AD /* AppDelegate.m in Sources */,
			);
			runOnlyForDeploymentPostprocessing = 0;
		};
		361F5AEB201594E60098A3AD /* Sources */ = {
			isa = PBXSourcesBuildPhase;
			buildActionMask = 2147483647;
			files = (
				361F5AF4201594E60098A3AD /* ViewController_modelTests.m in Sources */,
			);
			runOnlyForDeploymentPostprocessing = 0;
		};
		361F5AF6201594E60098A3AD /* Sources */ = {
			isa = PBXSourcesBuildPhase;
			buildActionMask = 2147483647;
			files = (
				361F5AFF201594E60098A3AD /* ViewController_modelUITests.m in Sources */,
			);
			runOnlyForDeploymentPostprocessing = 0;
		};
/* End PBXSourcesBuildPhase section */

/* Begin PBXTargetDependency section */
		361F5AF1201594E60098A3AD /* PBXTargetDependency */ = {
			isa = PBXTargetDependency;
			target = 361F5AD6201594E60098A3AD /* ViewController_model */;
			targetProxy = 361F5AF0201594E60098A3AD /* PBXContainerItemProxy */;
		};
		361F5AFC201594E60098A3AD /* PBXTargetDependency */ = {
			isa = PBXTargetDependency;
			target = 361F5AD6201594E60098A3AD /* ViewController_model */;
			targetProxy = 361F5AFB201594E60098A3AD /* PBXContainerItemProxy */;
		};
/* End PBXTargetDependency section */

/* Begin PBXVariantGroup section */
		361F5AE0201594E60098A3AD /* Main.storyboard */ = {
			isa = PBXVariantGroup;
			children = (
				361F5AE1201594E60098A3AD /* Base */,
			);
			name = Main.storyboard;
			sourceTree = "<group>";
		};
		361F5AE5201594E60098A3AD /* LaunchScreen.storyboard */ = {
			isa = PBXVariantGroup;
			children = (
				361F5AE6201594E60098A3AD /* Base */,
			);
			name = LaunchScreen.storyboard;
			sourceTree = "<group>";
		};
/* End PBXVariantGroup section */

/* Begin XCBuildConfiguration section */
		361F5B01201594E60098A3AD /* Debug */ = {
			isa = XCBuildConfiguration;
			buildSettings = {
				ALWAYS_SEARCH_USER_PATHS = NO;
				CLANG_ANALYZER_NONNULL = YES;
				CLANG_ANALYZER_NUMBER_OBJECT_CONVERSION = YES_AGGRESSIVE;
				CLANG_CXX_LANGUAGE_STANDARD = "gnu++14";
				CLANG_CXX_LIBRARY = "libc++";
				CLANG_ENABLE_MODULES = YES;
				CLANG_ENABLE_OBJC_ARC = YES;
				CLANG_WARN_BLOCK_CAPTURE_AUTORELEASING = YES;
				CLANG_WARN_BOOL_CONVERSION = YES;
				CLANG_WARN_COMMA = YES;
				CLANG_WARN_CONSTANT_CONVERSION = YES;
				CLANG_WARN_DIRECT_OBJC_ISA_USAGE = YES_ERROR;
				CLANG_WARN_DOCUMENTATION_COMMENTS = YES;
				CLANG_WARN_EMPTY_BODY = YES;
				CLANG_WARN_ENUM_CONVERSION = YES;
				CLANG_WARN_INFINITE_RECURSION = YES;
				CLANG_WARN_INT_CONVERSION = YES;
				CLANG_WARN_NON_LITERAL_NULL_CONVERSION = YES;
				CLANG_WARN_OBJC_LITERAL_CONVERSION = YES;
				CLANG_WARN_OBJC_ROOT_CLASS = YES_ERROR;
				CLANG_WARN_RANGE_LOOP_ANALYSIS = YES;
				CLANG_WARN_STRICT_PROTOTYPES = YES;
				CLANG_WARN_SUSPICIOUS_MOVE = YES;
				CLANG_WARN_UNGUARDED_AVAILABILITY = YES_AGGRESSIVE;
				CLANG_WARN_UNREACHABLE_CODE = YES;
				CLANG_WARN__DUPLICATE_METHOD_MATCH = YES;
				CODE_SIGN_IDENTITY = "iPhone Developer";
				COPY_PHASE_STRIP = NO;
				DEBUG_INFORMATION_FORMAT = dwarf;
				ENABLE_STRICT_OBJC_MSGSEND = YES;
				ENABLE_TESTABILITY = YES;
				GCC_C_LANGUAGE_STANDARD = gnu11;
				GCC_DYNAMIC_NO_PIC = NO;
				GCC_NO_COMMON_BLOCKS = YES;
				GCC_OPTIMIZATION_LEVEL = 0;
				GCC_PREPROCESSOR_DEFINITIONS = (
					"DEBUG=1",
					"$(inherited)",
				);
				GCC_WARN_64_TO_32_BIT_CONVERSION = YES;
				GCC_WARN_ABOUT_RETURN_TYPE = YES_ERROR;
				GCC_WARN_UNDECLARED_SELECTOR = YES;
				GCC_WARN_UNINITIALIZED_AUTOS = YES_AGGRESSIVE;
				GCC_WARN_UNUSED_FUNCTION = YES;
				GCC_WARN_UNUSED_VARIABLE = YES;
				IPHONEOS_DEPLOYMENT_TARGET = 11.2;
				MTL_ENABLE_DEBUG_INFO = YES;
				ONLY_ACTIVE_ARCH = YES;
				SDKROOT = iphoneos;
			};
			name = Debug;
		};
		361F5B02201594E60098A3AD /* Release */ = {
			isa = XCBuildConfiguration;
			buildSettings = {
				ALWAYS_SEARCH_USER_PATHS = NO;
				CLANG_ANALYZER_NONNULL = YES;
				CLANG_ANALYZER_NUMBER_OBJECT_CONVERSION = YES_AGGRESSIVE;
				CLANG_CXX_LANGUAGE_STANDARD = "gnu++14";
				CLANG_CXX_LIBRARY = "libc++";
				CLANG_ENABLE_MODULES = YES;
				CLANG_ENABLE_OBJC_ARC = YES;
				CLANG_WARN_BLOCK_CAPTURE_AUTORELEASING = YES;
				CLANG_WARN_BOOL_CONVERSION = YES;
				CLANG_WARN_COMMA = YES;
				CLANG_WARN_CONSTANT_CONVERSION = YES;
				CLANG_WARN_DIRECT_OBJC_ISA_USAGE = YES_ERROR;
				CLANG_WARN_DOCUMENTATION_COMMENTS = YES;
				CLANG_WARN_EMPTY_BODY = YES;
				CLANG_WARN_ENUM_CONVERSION = YES;
				CLANG_WARN_INFINITE_RECURSION = YES;
				CLANG_WARN_INT_CONVERSION = YES;
				CLANG_WARN_NON_LITERAL_NULL_CONVERSION = YES;
				CLANG_WARN_OBJC_LITERAL_CONVERSION = YES;
				CLANG_WARN_OBJC_ROOT_CLASS = YES_ERROR;
				CLANG_WARN_RANGE_LOOP_ANALYSIS = YES;
				CLANG_WARN_STRICT_PROTOTYPES = YES;
				CLANG_WARN_SUSPICIOUS_MOVE = YES;
				CLANG_WARN_UNGUARDED_AVAILABILITY = YES_AGGRESSIVE;
				CLANG_WARN_UNREACHABLE_CODE = YES;
				CLANG_WARN__DUPLICATE_METHOD_MATCH = YES;
				CODE_SIGN_IDENTITY = "iPhone Developer";
				COPY_PHASE_STRIP = NO;
				DEBUG_INFORMATION_FORMAT = "dwarf-with-dsym";
				ENABLE_NS_ASSERTIONS = NO;
				ENABLE_STRICT_OBJC_MSGSEND = YES;
				GCC_C_LANGUAGE_STANDARD = gnu11;
				GCC_NO_COMMON_BLOCKS = YES;
				GCC_WARN_64_TO_32_BIT_CONVERSION = YES;
				GCC_WARN_ABOUT_RETURN_TYPE = YES_ERROR;
				GCC_WARN_UNDECLARED_SELECTOR = YES;
				GCC_WARN_UNINITIALIZED_AUTOS = YES_AGGRESSIVE;
				GCC_WARN_UNUSED_FUNCTION = YES;
				GCC_WARN_UNUSED_VARIABLE = YES;
				IPHONEOS_DEPLOYMENT_TARGET = 11.2;
				MTL_ENABLE_DEBUG_INFO = NO;
				SDKROOT = iphoneos;
				VALIDATE_PRODUCT = YES;
			};
			name = Release;
		};
		361F5B04201594E60098A3AD /* Debug */ = {
			isa = XCBuildConfiguration;
			baseConfigurationReference = DA3987B26E64BCDE663AFC2F /* Pods-ViewController_model.debug.xcconfig */;
			buildSettings = {
				ASSETCATALOG_COMPILER_APPICON_NAME = AppIcon;
				CODE_SIGN_STYLE = Automatic;
				DEVELOPMENT_TEAM = 9WA3G6F6L8;
				GCC_PRECOMPILE_PREFIX_HEADER = YES;
				GCC_PREFIX_HEADER = "$(SRCROOT)/ViewController_model/PrefixHeader.pch";
				INFOPLIST_FILE = ViewController_model/Info.plist;
				IPHONEOS_DEPLOYMENT_TARGET = 8.0;
				LD_RUNPATH_SEARCH_PATHS = "$(inherited) @executable_path/Frameworks";
				PRODUCT_BUNDLE_IDENTIFIER = "com.xiaohuibang.ViewController-model";
				PRODUCT_NAME = "$(TARGET_NAME)";
				TARGETED_DEVICE_FAMILY = "1,2";
			};
			name = Debug;
		};
		361F5B05201594E60098A3AD /* Release */ = {
			isa = XCBuildConfiguration;
			baseConfigurationReference = 9EACC6232622631A6463978A /* Pods-ViewController_model.release.xcconfig */;
			buildSettings = {
				ASSETCATALOG_COMPILER_APPICON_NAME = AppIcon;
				CODE_SIGN_STYLE = Automatic;
				DEVELOPMENT_TEAM = 9WA3G6F6L8;
				GCC_PRECOMPILE_PREFIX_HEADER = YES;
				GCC_PREFIX_HEADER = "$(SRCROOT)/ViewController_model/PrefixHeader.pch";
				INFOPLIST_FILE = ViewController_model/Info.plist;
				IPHONEOS_DEPLOYMENT_TARGET = 8.0;
				LD_RUNPATH_SEARCH_PATHS = "$(inherited) @executable_path/Frameworks";
				PRODUCT_BUNDLE_IDENTIFIER = "com.xiaohuibang.ViewController-model";
				PRODUCT_NAME = "$(TARGET_NAME)";
				TARGETED_DEVICE_FAMILY = "1,2";
			};
			name = Release;
		};
		361F5B07201594E60098A3AD /* Debug */ = {
			isa = XCBuildConfiguration;
			buildSettings = {
				BUNDLE_LOADER = "$(TEST_HOST)";
				CODE_SIGN_STYLE = Automatic;
				DEVELOPMENT_TEAM = 9WA3G6F6L8;
				INFOPLIST_FILE = ViewController_modelTests/Info.plist;
				LD_RUNPATH_SEARCH_PATHS = "$(inherited) @executable_path/Frameworks @loader_path/Frameworks";
				PRODUCT_BUNDLE_IDENTIFIER = "com.xiaohuibang.ViewController-modelTests";
				PRODUCT_NAME = "$(TARGET_NAME)";
				TARGETED_DEVICE_FAMILY = "1,2";
				TEST_HOST = "$(BUILT_PRODUCTS_DIR)/ViewController_model.app/ViewController_model";
			};
			name = Debug;
		};
		361F5B08201594E60098A3AD /* Release */ = {
			isa = XCBuildConfiguration;
			buildSettings = {
				BUNDLE_LOADER = "$(TEST_HOST)";
				CODE_SIGN_STYLE = Automatic;
				DEVELOPMENT_TEAM = 9WA3G6F6L8;
				INFOPLIST_FILE = ViewController_modelTests/Info.plist;
				LD_RUNPATH_SEARCH_PATHS = "$(inherited) @executable_path/Frameworks @loader_path/Frameworks";
				PRODUCT_BUNDLE_IDENTIFIER = "com.xiaohuibang.ViewController-modelTests";
				PRODUCT_NAME = "$(TARGET_NAME)";
				TARGETED_DEVICE_FAMILY = "1,2";
				TEST_HOST = "$(BUILT_PRODUCTS_DIR)/ViewController_model.app/ViewController_model";
			};
			name = Release;
		};
		361F5B0A201594E60098A3AD /* Debug */ = {
			isa = XCBuildConfiguration;
			buildSettings = {
				CODE_SIGN_STYLE = Automatic;
				DEVELOPMENT_TEAM = 9WA3G6F6L8;
				INFOPLIST_FILE = ViewController_modelUITests/Info.plist;
				LD_RUNPATH_SEARCH_PATHS = "$(inherited) @executable_path/Frameworks @loader_path/Frameworks";
				PRODUCT_BUNDLE_IDENTIFIER = "com.xiaohuibang.ViewController-modelUITests";
				PRODUCT_NAME = "$(TARGET_NAME)";
				TARGETED_DEVICE_FAMILY = "1,2";
				TEST_TARGET_NAME = ViewController_model;
			};
			name = Debug;
		};
		361F5B0B201594E60098A3AD /* Release */ = {
			isa = XCBuildConfiguration;
			buildSettings = {
				CODE_SIGN_STYLE = Automatic;
				DEVELOPMENT_TEAM = 9WA3G6F6L8;
				INFOPLIST_FILE = ViewController_modelUITests/Info.plist;
				LD_RUNPATH_SEARCH_PATHS = "$(inherited) @executable_path/Frameworks @loader_path/Frameworks";
				PRODUCT_BUNDLE_IDENTIFIER = "com.xiaohuibang.ViewController-modelUITests";
				PRODUCT_NAME = "$(TARGET_NAME)";
				TARGETED_DEVICE_FAMILY = "1,2";
				TEST_TARGET_NAME = ViewController_model;
			};
			name = Release;
		};
/* End XCBuildConfiguration section */

/* Begin XCConfigurationList section */
		361F5AD2201594E60098A3AD /* Build configuration list for PBXProject "ViewController_model" */ = {
			isa = XCConfigurationList;
			buildConfigurations = (
				361F5B01201594E60098A3AD /* Debug */,
				361F5B02201594E60098A3AD /* Release */,
			);
			defaultConfigurationIsVisible = 0;
			defaultConfigurationName = Release;
		};
		361F5B03201594E60098A3AD /* Build configuration list for PBXNativeTarget "ViewController_model" */ = {
			isa = XCConfigurationList;
			buildConfigurations = (
				361F5B04201594E60098A3AD /* Debug */,
				361F5B05201594E60098A3AD /* Release */,
			);
			defaultConfigurationIsVisible = 0;
			defaultConfigurationName = Release;
		};
		361F5B06201594E60098A3AD /* Build configuration list for PBXNativeTarget "ViewController_modelTests" */ = {
			isa = XCConfigurationList;
			buildConfigurations = (
				361F5B07201594E60098A3AD /* Debug */,
				361F5B08201594E60098A3AD /* Release */,
			);
			defaultConfigurationIsVisible = 0;
			defaultConfigurationName = Release;
		};
		361F5B09201594E60098A3AD /* Build configuration list for PBXNativeTarget "ViewController_modelUITests" */ = {
			isa = XCConfigurationList;
			buildConfigurations = (
				361F5B0A201594E60098A3AD /* Debug */,
				361F5B0B201594E60098A3AD /* Release */,
			);
			defaultConfigurationIsVisible = 0;
			defaultConfigurationName = Release;
		};
/* End XCConfigurationList section */
	};
	rootObject = 361F5ACF201594E60098A3AD /* Project object */;
}
